
Microsoft Visual Studio Solution File, Format Version 12.00
# Visual Studio Version 16
VisualStudioVersion = 16.0.810.3
MinimumVisualStudioVersion = 10.0.40219.1
Project("{FAE04EC0-301F-11D3-BF4B-00C04F79EFBC}") = "Shorts", "Shorts\Shorts.csproj", "{7346093B-3FD9-4DED-9061-91698B3EA2B0}"
EndProject
Global
	GlobalSection(SolutionConfigurationPlatforms) = preSolution
		Debug|Any CPU = Debug|Any CPU
		Release|Any CPU = Release|Any CPU
	EndGlobalSection
	GlobalSection(ProjectConfigurationPlatforms) = postSolution
		{7346093B-3FD9-4DED-9061-91698B3EA2B0}.Debug|Any CPU.ActiveCfg = Debug|Any CPU
		{7346093B-3FD9-4DED-9061-91698B3EA2B0}.Debug|Any CPU.Build.0 = Debug|Any CPU
		{7346093B-3FD9-4DED-9061-91698B3EA2B0}.Release|Any CPU.ActiveCfg = Release|Any CPU
		{7346093B-3FD9-4DED-9061-91698B3EA2B0}.Release|Any CPU.Build.0 = Release|Any CPU
	EndGlobalSection
	GlobalSection(SolutionProperties) = preSolution
		HideSolutionNode = FALSE
	EndGlobalSection
	GlobalSection(ExtensibilityGlobals) = postSolution
		SolutionGuid = {919CFEB9-2FD6-423E-9577-678130FAD7B5}
	EndGlobalSection
EndGlobal
